
Microsoft Visual Studio Solution File, Format Version 12.00
# Visual Studio Version 16
VisualStudioVersion = 16.0.31613.86
MinimumVisualStudioVersion = 10.0.40219.1
Project("{9A19103F-16F7-4668-BE54-9A1E7A4F7556}") = "Fiap.Aula04", "Fiap.Aula04\Fiap.Aula04.csproj", "{D92D8848-CCAA-4712-9615-27CCCADC4943}"
EndProject
Project("{9A19103F-16F7-4668-BE54-9A1E7A4F7556}") = "Fiap.Aula04.Exercicio01", "Fiap.Aula04.Exercicio01\Fiap.Aula04.Exercicio01.csproj", "{5436080D-64A3-4098-81FA-4D4686517471}"
EndProject
Project("{9A19103F-16F7-4668-BE54-9A1E7A4F7556}") = "Fiap.Aula04.Exercicio02", "Fiap.Aula04.Exercicio02\Fiap.Aula04.Exercicio02.csproj", "{B6A6AD9F-FCE4-4A1E-8DDF-C407506CF324}"
EndProject
Project("{FAE04EC0-301F-11D3-BF4B-00C04F79EFBC}") = "Fiap.Aula04.Exercicio03", "Fiap.Aula04.Exercicio03\Fiap.Aula04.Exercicio03.csproj", "{6AC3511F-2C05-4CC2-B278-BCF58B2D55A9}"
EndProject
Global
	GlobalSection(SolutionConfigurationPlatforms) = preSolution
		Debug|Any CPU = Debug|Any CPU
		Release|Any CPU = Release|Any CPU
	EndGlobalSection
	GlobalSection(ProjectConfigurationPlatforms) = postSolution
		{D92D8848-CCAA-4712-9615-27CCCADC4943}.Debug|Any CPU.ActiveCfg = Debug|Any CPU
		{D92D8848-CCAA-4712-9615-27CCCADC4943}.Debug|Any CPU.Build.0 = Debug|Any CPU
		{D92D8848-CCAA-4712-9615-27CCCADC4943}.Release|Any CPU.ActiveCfg = Release|Any CPU
		{D92D8848-CCAA-4712-9615-27CCCADC4943}.Release|Any CPU.Build.0 = Release|Any CPU
		{5436080D-64A3-4098-81FA-4D4686517471}.Debug|Any CPU.ActiveCfg = Debug|Any CPU
		{5436080D-64A3-4098-81FA-4D4686517471}.Debug|Any CPU.Build.0 = Debug|Any CPU
		{5436080D-64A3-4098-81FA-4D4686517471}.Release|Any CPU.ActiveCfg = Release|Any CPU
		{5436080D-64A3-4098-81FA-4D4686517471}.Release|Any CPU.Build.0 = Release|Any CPU
		{B6A6AD9F-FCE4-4A1E-8DDF-C407506CF324}.Debug|Any CPU.ActiveCfg = Debug|Any CPU
		{B6A6AD9F-FCE4-4A1E-8DDF-C407506CF324}.Debug|Any CPU.Build.0 = Debug|Any CPU
		{B6A6AD9F-FCE4-4A1E-8DDF-C407506CF324}.Release|Any CPU.ActiveCfg = Release|Any CPU
		{B6A6AD9F-FCE4-4A1E-8DDF-C407506CF324}.Release|Any CPU.Build.0 = Release|Any CPU
		{6AC3511F-2C05-4CC2-B278-BCF58B2D55A9}.Debug|Any CPU.ActiveCfg = Debug|Any CPU
		{6AC3511F-2C05-4CC2-B278-BCF58B2D55A9}.Debug|Any CPU.Build.0 = Debug|Any CPU
		{6AC3511F-2C05-4CC2-B278-BCF58B2D55A9}.Release|Any CPU.ActiveCfg = Release|Any CPU
		{6AC3511F-2C05-4CC2-B278-BCF58B2D55A9}.Release|Any CPU.Build.0 = Release|Any CPU
	EndGlobalSection
	GlobalSection(SolutionProperties) = preSolution
		HideSolutionNode = FALSE
	EndGlobalSection
	GlobalSection(ExtensibilityGlobals) = postSolution
		SolutionGuid = {FEE89CB1-DE2D-4529-A496-ED2352E14BF8}
	EndGlobalSection
EndGlobal
