
Microsoft Visual Studio Solution File, Format Version 12.00
# Visual Studio Version 16
VisualStudioVersion = 16.0.31613.86
MinimumVisualStudioVersion = 10.0.40219.1
Project("{FAE04EC0-301F-11D3-BF4B-00C04F79EFBC}") = "Fiap.Aula01", "Fiap.Aula01\Fiap.Aula01.csproj", "{7CBC21CF-0130-44B4-94C0-5573BAE50143}"
EndProject
Project("{FAE04EC0-301F-11D3-BF4B-00C04F79EFBC}") = "Fiap.Aula01.Exercicio01", "Fiap.Aula01.Exercicios\Fiap.Aula01.Exercicio01.csproj", "{CD32EA3A-AF6F-4A12-91E5-F4892AEAB561}"
EndProject
Project("{FAE04EC0-301F-11D3-BF4B-00C04F79EFBC}") = "Fiap.Aula01.Exercicio02", "Fiap.Aula01.Exercicio02\Fiap.Aula01.Exercicio02.csproj", "{3AC66791-BAD0-4992-BDB1-A8910886F834}"
EndProject
Global
	GlobalSection(SolutionConfigurationPlatforms) = preSolution
		Debug|Any CPU = Debug|Any CPU
		Release|Any CPU = Release|Any CPU
	EndGlobalSection
	GlobalSection(ProjectConfigurationPlatforms) = postSolution
		{7CBC21CF-0130-44B4-94C0-5573BAE50143}.Debug|Any CPU.ActiveCfg = Debug|Any CPU
		{7CBC21CF-0130-44B4-94C0-5573BAE50143}.Debug|Any CPU.Build.0 = Debug|Any CPU
		{7CBC21CF-0130-44B4-94C0-5573BAE50143}.Release|Any CPU.ActiveCfg = Release|Any CPU
		{7CBC21CF-0130-44B4-94C0-5573BAE50143}.Release|Any CPU.Build.0 = Release|Any CPU
		{CD32EA3A-AF6F-4A12-91E5-F4892AEAB561}.Debug|Any CPU.ActiveCfg = Debug|Any CPU
		{CD32EA3A-AF6F-4A12-91E5-F4892AEAB561}.Debug|Any CPU.Build.0 = Debug|Any CPU
		{CD32EA3A-AF6F-4A12-91E5-F4892AEAB561}.Release|Any CPU.ActiveCfg = Release|Any CPU
		{CD32EA3A-AF6F-4A12-91E5-F4892AEAB561}.Release|Any CPU.Build.0 = Release|Any CPU
		{3AC66791-BAD0-4992-BDB1-A8910886F834}.Debug|Any CPU.ActiveCfg = Debug|Any CPU
		{3AC66791-BAD0-4992-BDB1-A8910886F834}.Debug|Any CPU.Build.0 = Debug|Any CPU
		{3AC66791-BAD0-4992-BDB1-A8910886F834}.Release|Any CPU.ActiveCfg = Release|Any CPU
		{3AC66791-BAD0-4992-BDB1-A8910886F834}.Release|Any CPU.Build.0 = Release|Any CPU
	EndGlobalSection
	GlobalSection(SolutionProperties) = preSolution
		HideSolutionNode = FALSE
	EndGlobalSection
	GlobalSection(ExtensibilityGlobals) = postSolution
		SolutionGuid = {55132629-2603-4E8D-A31A-657345016DF5}
	EndGlobalSection
EndGlobal
